
Microsoft Visual Studio Solution File, Format Version 12.00
# Visual Studio Version 16
VisualStudioVersion = 16.0.30804.86
MinimumVisualStudioVersion = 10.0.40219.1
Project("{FAE04EC0-301F-11D3-BF4B-00C04F79EFBC}") = "Projekt za PRA", "Projekt za PRA\Projekt za PRA.csproj", "{110F30C3-13E5-4EEE-9D1F-83BFABBDAAA2}"
EndProject
Project("{2150E333-8FDC-42A3-9474-1A3956D46DE8}") = "Solution Items", "Solution Items", "{C45E6587-67B1-4E8F-8792-BE9F2E9C0F79}"
	ProjectSection(SolutionItems) = preProject
		..\..\Bilder\Quiz pictures\Quiz-1.png = ..\..\Bilder\Quiz pictures\Quiz-1.png
		..\..\Bilder\Quiz pictures\Quiz-2.png = ..\..\Bilder\Quiz pictures\Quiz-2.png
		..\..\Bilder\Quiz pictures\Quiz-3.png = ..\..\Bilder\Quiz pictures\Quiz-3.png
		..\..\Bilder\Quiz pictures\Quiz-4.png = ..\..\Bilder\Quiz pictures\Quiz-4.png
		..\..\Bilder\Quiz pictures\Quiz-5.png = ..\..\Bilder\Quiz pictures\Quiz-5.png
		..\..\Bilder\Quiz pictures\Quiz-6.png = ..\..\Bilder\Quiz pictures\Quiz-6.png
		..\..\Bilder\Quiz pictures\Quiz-7.png = ..\..\Bilder\Quiz pictures\Quiz-7.png
	EndProjectSection
EndProject
Global
	GlobalSection(SolutionConfigurationPlatforms) = preSolution
		Debug|Any CPU = Debug|Any CPU
		Release|Any CPU = Release|Any CPU
	EndGlobalSection
	GlobalSection(ProjectConfigurationPlatforms) = postSolution
		{110F30C3-13E5-4EEE-9D1F-83BFABBDAAA2}.Debug|Any CPU.ActiveCfg = Debug|Any CPU
		{110F30C3-13E5-4EEE-9D1F-83BFABBDAAA2}.Debug|Any CPU.Build.0 = Debug|Any CPU
		{110F30C3-13E5-4EEE-9D1F-83BFABBDAAA2}.Release|Any CPU.ActiveCfg = Release|Any CPU
		{110F30C3-13E5-4EEE-9D1F-83BFABBDAAA2}.Release|Any CPU.Build.0 = Release|Any CPU
	EndGlobalSection
	GlobalSection(SolutionProperties) = preSolution
		HideSolutionNode = FALSE
	EndGlobalSection
	GlobalSection(ExtensibilityGlobals) = postSolution
		SolutionGuid = {CD2F7524-258E-4306-BD53-FA6F772479AB}
	EndGlobalSection
EndGlobal
